// !$*UTF8*$!
{
	archiveVersion = 1;
	classes = {
	};
	objectVersion = 50;
	objects = {

/* Begin PBXBuildFile section */
		4D5A33ED2450AE6D000B526F /* AppDelegate.swift in Sources */ = {isa = PBXBuildFile; fileRef = 4D5A33EC2450AE6D000B526F /* AppDelegate.swift */; };
		4D5A33EF2450AE6D000B526F /* SceneDelegate.swift in Sources */ = {isa = PBXBuildFile; fileRef = 4D5A33EE2450AE6D000B526F /* SceneDelegate.swift */; };
		4D5A33F12450AE6D000B526F /* ContentView.swift in Sources */ = {isa = PBXBuildFile; fileRef = 4D5A33F02450AE6D000B526F /* ContentView.swift */; };
		4D5A33F32450AE70000B526F /* Assets.xcassets in Resources */ = {isa = PBXBuildFile; fileRef = 4D5A33F22450AE70000B526F /* Assets.xcassets */; };
		4D5A33F62450AE70000B526F /* Preview Assets.xcassets in Resources */ = {isa = PBXBuildFile; fileRef = 4D5A33F52450AE70000B526F /* Preview Assets.xcassets */; };
		4D5A33F92450AE70000B526F /* LaunchScreen.storyboard in Resources */ = {isa = PBXBuildFile; fileRef = 4D5A33F72450AE70000B526F /* LaunchScreen.storyboard */; };
		4D5A34012450D3DA000B526F /* PostView.swift in Sources */ = {isa = PBXBuildFile; fileRef = 4D5A34002450D3DA000B526F /* PostView.swift */; };
		4D66290524574B63001E1D7E /* TabBar.swift in Sources */ = {isa = PBXBuildFile; fileRef = 4D66290424574B63001E1D7E /* TabBar.swift */; };
		4D9344F12451F53300AB8C5B /* Extensions.swift in Sources */ = {isa = PBXBuildFile; fileRef = 4D9344F02451F53300AB8C5B /* Extensions.swift */; };
		4DA7462224532061001BB930 /* MainView.swift in Sources */ = {isa = PBXBuildFile; fileRef = 4DA7462124532061001BB930 /* MainView.swift */; };
		4DA7462424538F36001BB930 /* DatePickerView.swift in Sources */ = {isa = PBXBuildFile; fileRef = 4DA7462324538F36001BB930 /* DatePickerView.swift */; };
		4DA74628245396B8001BB930 /* ListDatePickerView.swift in Sources */ = {isa = PBXBuildFile; fileRef = 4DA74627245396B8001BB930 /* ListDatePickerView.swift */; };
		4DAD10F52457FD5000834874 /* Colors.xcassets in Resources */ = {isa = PBXBuildFile; fileRef = 4DAD10F42457FD5000834874 /* Colors.xcassets */; };
		4DAD10F72458088F00834874 /* ViewRouter.swift in Sources */ = {isa = PBXBuildFile; fileRef = 4DAD10F62458088F00834874 /* ViewRouter.swift */; };
		4DAD10F92458090900834874 /* ProfileView.swift in Sources */ = {isa = PBXBuildFile; fileRef = 4DAD10F82458090900834874 /* ProfileView.swift */; };
		4DAD10FB24580BBC00834874 /* AddNoteView.swift in Sources */ = {isa = PBXBuildFile; fileRef = 4DAD10FA24580BBC00834874 /* AddNoteView.swift */; };
/* End PBXBuildFile section */

/* Begin PBXFileReference section */
		4D5A33E92450AE6D000B526F /* DreamJournalProject.iOS.app */ = {isa = PBXFileReference; explicitFileType = wrapper.application; includeInIndex = 0; path = DreamJournalProject.iOS.app; sourceTree = BUILT_PRODUCTS_DIR; };
		4D5A33EC2450AE6D000B526F /* AppDelegate.swift */ = {isa = PBXFileReference; lastKnownFileType = sourcecode.swift; path = AppDelegate.swift; sourceTree = "<group>"; };
		4D5A33EE2450AE6D000B526F /* SceneDelegate.swift */ = {isa = PBXFileReference; lastKnownFileType = sourcecode.swift; path = SceneDelegate.swift; sourceTree = "<group>"; };
		4D5A33F02450AE6D000B526F /* ContentView.swift */ = {isa = PBXFileReference; lastKnownFileType = sourcecode.swift; path = ContentView.swift; sourceTree = "<group>"; };
		4D5A33F22450AE70000B526F /* Assets.xcassets */ = {isa = PBXFileReference; lastKnownFileType = folder.assetcatalog; path = Assets.xcassets; sourceTree = "<group>"; };
		4D5A33F52450AE70000B526F /* Preview Assets.xcassets */ = {isa = PBXFileReference; lastKnownFileType = folder.assetcatalog; path = "Preview Assets.xcassets"; sourceTree = "<group>"; };
		4D5A33F82450AE70000B526F /* Base */ = {isa = PBXFileReference; lastKnownFileType = file.storyboard; name = Base; path = Base.lproj/LaunchScreen.storyboard; sourceTree = "<group>"; };
		4D5A33FA2450AE70000B526F /* Info.plist */ = {isa = PBXFileReference; lastKnownFileType = text.plist.xml; path = Info.plist; sourceTree = "<group>"; };
		4D5A34002450D3DA000B526F /* PostView.swift */ = {isa = PBXFileReference; lastKnownFileType = sourcecode.swift; path = PostView.swift; sourceTree = "<group>"; };
		4D66290424574B63001E1D7E /* TabBar.swift */ = {isa = PBXFileReference; lastKnownFileType = sourcecode.swift; path = TabBar.swift; sourceTree = "<group>"; };
		4D9344F02451F53300AB8C5B /* Extensions.swift */ = {isa = PBXFileReference; lastKnownFileType = sourcecode.swift; path = Extensions.swift; sourceTree = "<group>"; };
		4DA7462124532061001BB930 /* MainView.swift */ = {isa = PBXFileReference; lastKnownFileType = sourcecode.swift; path = MainView.swift; sourceTree = "<group>"; };
		4DA7462324538F36001BB930 /* DatePickerView.swift */ = {isa = PBXFileReference; lastKnownFileType = sourcecode.swift; path = DatePickerView.swift; sourceTree = "<group>"; };
		4DA74627245396B8001BB930 /* ListDatePickerView.swift */ = {isa = PBXFileReference; lastKnownFileType = sourcecode.swift; path = ListDatePickerView.swift; sourceTree = "<group>"; };
		4DAD10F42457FD5000834874 /* Colors.xcassets */ = {isa = PBXFileReference; lastKnownFileType = folder.assetcatalog; path = Colors.xcassets; sourceTree = "<group>"; };
		4DAD10F62458088F00834874 /* ViewRouter.swift */ = {isa = PBXFileReference; lastKnownFileType = sourcecode.swift; path = ViewRouter.swift; sourceTree = "<group>"; };
		4DAD10F82458090900834874 /* ProfileView.swift */ = {isa = PBXFileReference; lastKnownFileType = sourcecode.swift; path = ProfileView.swift; sourceTree = "<group>"; };
		4DAD10FA24580BBC00834874 /* AddNoteView.swift */ = {isa = PBXFileReference; lastKnownFileType = sourcecode.swift; path = AddNoteView.swift; sourceTree = "<group>"; };
/* End PBXFileReference section */

/* Begin PBXFrameworksBuildPhase section */
		4D5A33E62450AE6C000B526F /* Frameworks */ = {
			isa = PBXFrameworksBuildPhase;
			buildActionMask = 2147483647;
			files = (
			);
			runOnlyForDeploymentPostprocessing = 0;
		};
/* End PBXFrameworksBuildPhase section */

/* Begin PBXGroup section */
		4D5A33E02450AE6C000B526F = {
			isa = PBXGroup;
			children = (
				4DAD10F82458090900834874 /* ProfileView.swift */,
				4D5A33EB2450AE6D000B526F /* DreamJournalProject.iOS */,
				4D5A33EA2450AE6D000B526F /* Products */,
			);
			sourceTree = "<group>";
		};
		4D5A33EA2450AE6D000B526F /* Products */ = {
			isa = PBXGroup;
			children = (
				4D5A33E92450AE6D000B526F /* DreamJournalProject.iOS.app */,
			);
			name = Products;
			sourceTree = "<group>";
		};
		4D5A33EB2450AE6D000B526F /* DreamJournalProject.iOS */ = {
			isa = PBXGroup;
			children = (
				4DAD10F32457FD3600834874 /* Resourses */,
				4D66290624574B6E001E1D7E /* TabBar */,
				4D5A33EC2450AE6D000B526F /* AppDelegate.swift */,
				4D9344F02451F53300AB8C5B /* Extensions.swift */,
				4D5A33EE2450AE6D000B526F /* SceneDelegate.swift */,
				4DA7462124532061001BB930 /* MainView.swift */,
				4DA7462324538F36001BB930 /* DatePickerView.swift */,
				4D5A34002450D3DA000B526F /* PostView.swift */,
				4D5A33F02450AE6D000B526F /* ContentView.swift */,
				4D5A33F72450AE70000B526F /* LaunchScreen.storyboard */,
				4D5A33FA2450AE70000B526F /* Info.plist */,
				4D5A33F42450AE70000B526F /* Preview Content */,
				4DA74627245396B8001BB930 /* ListDatePickerView.swift */,
				4DAD10FA24580BBC00834874 /* AddNoteView.swift */,
			);
			path = DreamJournalProject.iOS;
			sourceTree = "<group>";
		};
		4D5A33F42450AE70000B526F /* Preview Content */ = {
			isa = PBXGroup;
			children = (
				4D5A33F52450AE70000B526F /* Preview Assets.xcassets */,
			);
			path = "Preview Content";
			sourceTree = "<group>";
		};
		4D66290624574B6E001E1D7E /* TabBar */ = {
			isa = PBXGroup;
			children = (
				4D66290424574B63001E1D7E /* TabBar.swift */,
				4DAD10F62458088F00834874 /* ViewRouter.swift */,
			);
			path = TabBar;
			sourceTree = "<group>";
		};
		4DAD10F32457FD3600834874 /* Resourses */ = {
			isa = PBXGroup;
			children = (
				4D5A33F22450AE70000B526F /* Assets.xcassets */,
				4DAD10F42457FD5000834874 /* Colors.xcassets */,
			);
			path = Resourses;
			sourceTree = "<group>";
		};
/* End PBXGroup section */

/* Begin PBXNativeTarget section */
		4D5A33E82450AE6C000B526F /* DreamJournalProject.iOS */ = {
			isa = PBXNativeTarget;
			buildConfigurationList = 4D5A33FD2450AE70000B526F /* Build configuration list for PBXNativeTarget "DreamJournalProject.iOS" */;
			buildPhases = (
				4D5A33E52450AE6C000B526F /* Sources */,
				4D5A33E62450AE6C000B526F /* Frameworks */,
				4D5A33E72450AE6C000B526F /* Resources */,
			);
			buildRules = (
			);
			dependencies = (
			);
			name = DreamJournalProject.iOS;
			productName = DreamJournalProject.iOS;
			productReference = 4D5A33E92450AE6D000B526F /* DreamJournalProject.iOS.app */;
			productType = "com.apple.product-type.application";
		};
/* End PBXNativeTarget section */

/* Begin PBXProject section */
		4D5A33E12450AE6C000B526F /* Project object */ = {
			isa = PBXProject;
			attributes = {
				LastSwiftUpdateCheck = 1140;
				LastUpgradeCheck = 1140;
				ORGANIZATIONNAME = "Dmitrii Zverev";
				TargetAttributes = {
					4D5A33E82450AE6C000B526F = {
						CreatedOnToolsVersion = 11.4;
					};
				};
			};
			buildConfigurationList = 4D5A33E42450AE6C000B526F /* Build configuration list for PBXProject "DreamJournalProject.iOS" */;
			compatibilityVersion = "Xcode 9.3";
			developmentRegion = en;
			hasScannedForEncodings = 0;
			knownRegions = (
				en,
				Base,
			);
			mainGroup = 4D5A33E02450AE6C000B526F;
			productRefGroup = 4D5A33EA2450AE6D000B526F /* Products */;
			projectDirPath = "";
			projectRoot = "";
			targets = (
				4D5A33E82450AE6C000B526F /* DreamJournalProject.iOS */,
			);
		};
/* End PBXProject section */

/* Begin PBXResourcesBuildPhase section */
		4D5A33E72450AE6C000B526F /* Resources */ = {
			isa = PBXResourcesBuildPhase;
			buildActionMask = 2147483647;
			files = (
				4D5A33F92450AE70000B526F /* LaunchScreen.storyboard in Resources */,
				4DAD10F52457FD5000834874 /* Colors.xcassets in Resources */,
				4D5A33F62450AE70000B526F /* Preview Assets.xcassets in Resources */,
				4D5A33F32450AE70000B526F /* Assets.xcassets in Resources */,
			);
			runOnlyForDeploymentPostprocessing = 0;
		};
/* End PBXResourcesBuildPhase section */

/* Begin PBXSourcesBuildPhase section */
		4D5A33E52450AE6C000B526F /* Sources */ = {
			isa = PBXSourcesBuildPhase;
			buildActionMask = 2147483647;
			files = (
				4D66290524574B63001E1D7E /* TabBar.swift in Sources */,
				4D9344F12451F53300AB8C5B /* Extensions.swift in Sources */,
				4DA7462224532061001BB930 /* MainView.swift in Sources */,
				4D5A33ED2450AE6D000B526F /* AppDelegate.swift in Sources */,
				4D5A33EF2450AE6D000B526F /* SceneDelegate.swift in Sources */,
				4DAD10F72458088F00834874 /* ViewRouter.swift in Sources */,
				4DAD10FB24580BBC00834874 /* AddNoteView.swift in Sources */,
				4DA7462424538F36001BB930 /* DatePickerView.swift in Sources */,
				4D5A34012450D3DA000B526F /* PostView.swift in Sources */,
				4DA74628245396B8001BB930 /* ListDatePickerView.swift in Sources */,
				4DAD10F92458090900834874 /* ProfileView.swift in Sources */,
				4D5A33F12450AE6D000B526F /* ContentView.swift in Sources */,
			);
			runOnlyForDeploymentPostprocessing = 0;
		};
/* End PBXSourcesBuildPhase section */

/* Begin PBXVariantGroup section */
		4D5A33F72450AE70000B526F /* LaunchScreen.storyboard */ = {
			isa = PBXVariantGroup;
			children = (
				4D5A33F82450AE70000B526F /* Base */,
			);
			name = LaunchScreen.storyboard;
			sourceTree = "<group>";
		};
/* End PBXVariantGroup section */

/* Begin XCBuildConfiguration section */
		4D5A33FB2450AE70000B526F /* Debug */ = {
			isa = XCBuildConfiguration;
			buildSettings = {
				ALWAYS_SEARCH_USER_PATHS = NO;
				CLANG_ANALYZER_NONNULL = YES;
				CLANG_ANALYZER_NUMBER_OBJECT_CONVERSION = YES_AGGRESSIVE;
				CLANG_CXX_LANGUAGE_STANDARD = "gnu++14";
				CLANG_CXX_LIBRARY = "libc++";
				CLANG_ENABLE_MODULES = YES;
				CLANG_ENABLE_OBJC_ARC = YES;
				CLANG_ENABLE_OBJC_WEAK = YES;
				CLANG_WARN_BLOCK_CAPTURE_AUTORELEASING = YES;
				CLANG_WARN_BOOL_CONVERSION = YES;
				CLANG_WARN_COMMA = YES;
				CLANG_WARN_CONSTANT_CONVERSION = YES;
				CLANG_WARN_DEPRECATED_OBJC_IMPLEMENTATIONS = YES;
				CLANG_WARN_DIRECT_OBJC_ISA_USAGE = YES_ERROR;
				CLANG_WARN_DOCUMENTATION_COMMENTS = YES;
				CLANG_WARN_EMPTY_BODY = YES;
				CLANG_WARN_ENUM_CONVERSION = YES;
				CLANG_WARN_INFINITE_RECURSION = YES;
				CLANG_WARN_INT_CONVERSION = YES;
				CLANG_WARN_NON_LITERAL_NULL_CONVERSION = YES;
				CLANG_WARN_OBJC_IMPLICIT_RETAIN_SELF = YES;
				CLANG_WARN_OBJC_LITERAL_CONVERSION = YES;
				CLANG_WARN_OBJC_ROOT_CLASS = YES_ERROR;
				CLANG_WARN_RANGE_LOOP_ANALYSIS = YES;
				CLANG_WARN_STRICT_PROTOTYPES = YES;
				CLANG_WARN_SUSPICIOUS_MOVE = YES;
				CLANG_WARN_UNGUARDED_AVAILABILITY = YES_AGGRESSIVE;
				CLANG_WARN_UNREACHABLE_CODE = YES;
				CLANG_WARN__DUPLICATE_METHOD_MATCH = YES;
				COPY_PHASE_STRIP = NO;
				DEBUG_INFORMATION_FORMAT = dwarf;
				ENABLE_STRICT_OBJC_MSGSEND = YES;
				ENABLE_TESTABILITY = YES;
				GCC_C_LANGUAGE_STANDARD = gnu11;
				GCC_DYNAMIC_NO_PIC = NO;
				GCC_NO_COMMON_BLOCKS = YES;
				GCC_OPTIMIZATION_LEVEL = 0;
				GCC_PREPROCESSOR_DEFINITIONS = (
					"DEBUG=1",
					"$(inherited)",
				);
				GCC_WARN_64_TO_32_BIT_CONVERSION = YES;
				GCC_WARN_ABOUT_RETURN_TYPE = YES_ERROR;
				GCC_WARN_UNDECLARED_SELECTOR = YES;
				GCC_WARN_UNINITIALIZED_AUTOS = YES_AGGRESSIVE;
				GCC_WARN_UNUSED_FUNCTION = YES;
				GCC_WARN_UNUSED_VARIABLE = YES;
				IPHONEOS_DEPLOYMENT_TARGET = 13.4;
				MTL_ENABLE_DEBUG_INFO = INCLUDE_SOURCE;
				MTL_FAST_MATH = YES;
				ONLY_ACTIVE_ARCH = YES;
				SDKROOT = iphoneos;
				SWIFT_ACTIVE_COMPILATION_CONDITIONS = DEBUG;
				SWIFT_OPTIMIZATION_LEVEL = "-Onone";
			};
			name = Debug;
		};
		4D5A33FC2450AE70000B526F /* Release */ = {
			isa = XCBuildConfiguration;
			buildSettings = {
				ALWAYS_SEARCH_USER_PATHS = NO;
				CLANG_ANALYZER_NONNULL = YES;
				CLANG_ANALYZER_NUMBER_OBJECT_CONVERSION = YES_AGGRESSIVE;
				CLANG_CXX_LANGUAGE_STANDARD = "gnu++14";
				CLANG_CXX_LIBRARY = "libc++";
				CLANG_ENABLE_MODULES = YES;
				CLANG_ENABLE_OBJC_ARC = YES;
				CLANG_ENABLE_OBJC_WEAK = YES;
				CLANG_WARN_BLOCK_CAPTURE_AUTORELEASING = YES;
				CLANG_WARN_BOOL_CONVERSION = YES;
				CLANG_WARN_COMMA = YES;
				CLANG_WARN_CONSTANT_CONVERSION = YES;
				CLANG_WARN_DEPRECATED_OBJC_IMPLEMENTATIONS = YES;
				CLANG_WARN_DIRECT_OBJC_ISA_USAGE = YES_ERROR;
				CLANG_WARN_DOCUMENTATION_COMMENTS = YES;
				CLANG_WARN_EMPTY_BODY = YES;
				CLANG_WARN_ENUM_CONVERSION = YES;
				CLANG_WARN_INFINITE_RECURSION = YES;
				CLANG_WARN_INT_CONVERSION = YES;
				CLANG_WARN_NON_LITERAL_NULL_CONVERSION = YES;
				CLANG_WARN_OBJC_IMPLICIT_RETAIN_SELF = YES;
				CLANG_WARN_OBJC_LITERAL_CONVERSION = YES;
				CLANG_WARN_OBJC_ROOT_CLASS = YES_ERROR;
				CLANG_WARN_RANGE_LOOP_ANALYSIS = YES;
				CLANG_WARN_STRICT_PROTOTYPES = YES;
				CLANG_WARN_SUSPICIOUS_MOVE = YES;
				CLANG_WARN_UNGUARDED_AVAILABILITY = YES_AGGRESSIVE;
				CLANG_WARN_UNREACHABLE_CODE = YES;
				CLANG_WARN__DUPLICATE_METHOD_MATCH = YES;
				COPY_PHASE_STRIP = NO;
				DEBUG_INFORMATION_FORMAT = "dwarf-with-dsym";
				ENABLE_NS_ASSERTIONS = NO;
				ENABLE_STRICT_OBJC_MSGSEND = YES;
				GCC_C_LANGUAGE_STANDARD = gnu11;
				GCC_NO_COMMON_BLOCKS = YES;
				GCC_WARN_64_TO_32_BIT_CONVERSION = YES;
				GCC_WARN_ABOUT_RETURN_TYPE = YES_ERROR;
				GCC_WARN_UNDECLARED_SELECTOR = YES;
				GCC_WARN_UNINITIALIZED_AUTOS = YES_AGGRESSIVE;
				GCC_WARN_UNUSED_FUNCTION = YES;
				GCC_WARN_UNUSED_VARIABLE = YES;
				IPHONEOS_DEPLOYMENT_TARGET = 13.4;
				MTL_ENABLE_DEBUG_INFO = NO;
				MTL_FAST_MATH = YES;
				SDKROOT = iphoneos;
				SWIFT_COMPILATION_MODE = wholemodule;
				SWIFT_OPTIMIZATION_LEVEL = "-O";
				VALIDATE_PRODUCT = YES;
			};
			name = Release;
		};
		4D5A33FE2450AE70000B526F /* Debug */ = {
			isa = XCBuildConfiguration;
			buildSettings = {
				ASSETCATALOG_COMPILER_APPICON_NAME = AppIcon;
				CODE_SIGN_STYLE = Automatic;
				DEVELOPMENT_ASSET_PATHS = "\"DreamJournalProject.iOS/Preview Content\"";
				DEVELOPMENT_TEAM = 64MBB6D8RY;
				ENABLE_PREVIEWS = YES;
				INFOPLIST_FILE = DreamJournalProject.iOS/Info.plist;
				LD_RUNPATH_SEARCH_PATHS = (
					"$(inherited)",
					"@executable_path/Frameworks",
				);
				PRODUCT_BUNDLE_IDENTIFIER = "com.dmitriizverev.DreamJournalProject-iOS";
				PRODUCT_NAME = "$(TARGET_NAME)";
				SWIFT_VERSION = 5.0;
				TARGETED_DEVICE_FAMILY = 1;
			};
			name = Debug;
		};
		4D5A33FF2450AE70000B526F /* Release */ = {
			isa = XCBuildConfiguration;
			buildSettings = {
				ASSETCATALOG_COMPILER_APPICON_NAME = AppIcon;
				CODE_SIGN_STYLE = Automatic;
				DEVELOPMENT_ASSET_PATHS = "\"DreamJournalProject.iOS/Preview Content\"";
				DEVELOPMENT_TEAM = 64MBB6D8RY;
				ENABLE_PREVIEWS = YES;
				INFOPLIST_FILE = DreamJournalProject.iOS/Info.plist;
				LD_RUNPATH_SEARCH_PATHS = (
					"$(inherited)",
					"@executable_path/Frameworks",
				);
				PRODUCT_BUNDLE_IDENTIFIER = "com.dmitriizverev.DreamJournalProject-iOS";
				PRODUCT_NAME = "$(TARGET_NAME)";
				SWIFT_VERSION = 5.0;
				TARGETED_DEVICE_FAMILY = 1;
			};
			name = Release;
		};
/* End XCBuildConfiguration section */

/* Begin XCConfigurationList section */
		4D5A33E42450AE6C000B526F /* Build configuration list for PBXProject "DreamJournalProject.iOS" */ = {
			isa = XCConfigurationList;
			buildConfigurations = (
				4D5A33FB2450AE70000B526F /* Debug */,
				4D5A33FC2450AE70000B526F /* Release */,
			);
			defaultConfigurationIsVisible = 0;
			defaultConfigurationName = Release;
		};
		4D5A33FD2450AE70000B526F /* Build configuration list for PBXNativeTarget "DreamJournalProject.iOS" */ = {
			isa = XCConfigurationList;
			buildConfigurations = (
				4D5A33FE2450AE70000B526F /* Debug */,
				4D5A33FF2450AE70000B526F /* Release */,
			);
			defaultConfigurationIsVisible = 0;
			defaultConfigurationName = Release;
		};
/* End XCConfigurationList section */
	};
	rootObject = 4D5A33E12450AE6C000B526F /* Project object */;
}
